
Microsoft Visual Studio Solution File, Format Version 12.00
# Visual Studio 14
VisualStudioVersion = 14.0.25420.1
MinimumVisualStudioVersion = 10.0.40219.1
Project("{FAE04EC0-301F-11D3-BF4B-00C04F79EFBC}") = "Felix.Core", "Felix.Core\Felix.Core.csproj", "{51E9B67E-981E-464B-9B0C-DB6117D9A385}"
EndProject
Project("{FAE04EC0-301F-11D3-BF4B-00C04F79EFBC}") = "Felix.WebHooks", "Felix.WebHooks\Felix.WebHooks.csproj", "{54762395-3C77-485C-A842-C7F71B6B2A15}"
EndProject
Project("{FAE04EC0-301F-11D3-BF4B-00C04F79EFBC}") = "Felix.Neuro", "Felix.Neuro\Felix.Neuro.csproj", "{7721F6D5-531C-4E11-BCAF-3773531DB381}"
EndProject
Project("{FAE04EC0-301F-11D3-BF4B-00C04F79EFBC}") = "Felix.Neuro.Tests", "Felix.Neuro.Tests\Felix.Neuro.Tests.csproj", "{B49FB4B9-0825-4E47-9FAF-ADFBAF2029CF}"
EndProject
Project("{FAE04EC0-301F-11D3-BF4B-00C04F79EFBC}") = "Felix.Settings", "Felix.Settings\Felix.Settings.csproj", "{5EEA8BEF-811B-4177-8031-6A33BEE4FCFF}"
EndProject
Project("{FAE04EC0-301F-11D3-BF4B-00C04F79EFBC}") = "Felix", "Felix\Felix.csproj", "{A7CCE1FD-97EA-44BE-8831-C0F4E6AA18B9}"
EndProject
Global
	GlobalSection(SolutionConfigurationPlatforms) = preSolution
		Debug|Any CPU = Debug|Any CPU
		Release|Any CPU = Release|Any CPU
	EndGlobalSection
	GlobalSection(ProjectConfigurationPlatforms) = postSolution
		{51E9B67E-981E-464B-9B0C-DB6117D9A385}.Debug|Any CPU.ActiveCfg = Debug|Any CPU
		{51E9B67E-981E-464B-9B0C-DB6117D9A385}.Debug|Any CPU.Build.0 = Debug|Any CPU
		{51E9B67E-981E-464B-9B0C-DB6117D9A385}.Release|Any CPU.ActiveCfg = Release|Any CPU
		{51E9B67E-981E-464B-9B0C-DB6117D9A385}.Release|Any CPU.Build.0 = Release|Any CPU
		{54762395-3C77-485C-A842-C7F71B6B2A15}.Debug|Any CPU.ActiveCfg = Debug|Any CPU
		{54762395-3C77-485C-A842-C7F71B6B2A15}.Debug|Any CPU.Build.0 = Debug|Any CPU
		{54762395-3C77-485C-A842-C7F71B6B2A15}.Release|Any CPU.ActiveCfg = Release|Any CPU
		{54762395-3C77-485C-A842-C7F71B6B2A15}.Release|Any CPU.Build.0 = Release|Any CPU
		{7721F6D5-531C-4E11-BCAF-3773531DB381}.Debug|Any CPU.ActiveCfg = Debug|Any CPU
		{7721F6D5-531C-4E11-BCAF-3773531DB381}.Debug|Any CPU.Build.0 = Debug|Any CPU
		{7721F6D5-531C-4E11-BCAF-3773531DB381}.Release|Any CPU.ActiveCfg = Release|Any CPU
		{7721F6D5-531C-4E11-BCAF-3773531DB381}.Release|Any CPU.Build.0 = Release|Any CPU
		{B49FB4B9-0825-4E47-9FAF-ADFBAF2029CF}.Debug|Any CPU.ActiveCfg = Debug|Any CPU
		{B49FB4B9-0825-4E47-9FAF-ADFBAF2029CF}.Debug|Any CPU.Build.0 = Debug|Any CPU
		{B49FB4B9-0825-4E47-9FAF-ADFBAF2029CF}.Release|Any CPU.ActiveCfg = Release|Any CPU
		{B49FB4B9-0825-4E47-9FAF-ADFBAF2029CF}.Release|Any CPU.Build.0 = Release|Any CPU
		{5EEA8BEF-811B-4177-8031-6A33BEE4FCFF}.Debug|Any CPU.ActiveCfg = Debug|Any CPU
		{5EEA8BEF-811B-4177-8031-6A33BEE4FCFF}.Debug|Any CPU.Build.0 = Debug|Any CPU
		{5EEA8BEF-811B-4177-8031-6A33BEE4FCFF}.Release|Any CPU.ActiveCfg = Release|Any CPU
		{5EEA8BEF-811B-4177-8031-6A33BEE4FCFF}.Release|Any CPU.Build.0 = Release|Any CPU
		{A7CCE1FD-97EA-44BE-8831-C0F4E6AA18B9}.Debug|Any CPU.ActiveCfg = Debug|Any CPU
		{A7CCE1FD-97EA-44BE-8831-C0F4E6AA18B9}.Debug|Any CPU.Build.0 = Debug|Any CPU
		{A7CCE1FD-97EA-44BE-8831-C0F4E6AA18B9}.Release|Any CPU.ActiveCfg = Release|Any CPU
		{A7CCE1FD-97EA-44BE-8831-C0F4E6AA18B9}.Release|Any CPU.Build.0 = Release|Any CPU
	EndGlobalSection
	GlobalSection(SolutionProperties) = preSolution
		HideSolutionNode = FALSE
	EndGlobalSection
EndGlobal
